
Microsoft Visual Studio Solution File, Format Version 12.00
# Visual Studio 15
Project("{FAE04EC0-301F-11D3-BF4B-00C04F79EFBC}") = "Laboratorio1ivan", "Laboratorio1ivan.csproj", "{4417F9AA-B41F-4BAD-9FF8-C3A074C9BB35}"
EndProject
Global
	GlobalSection(SolutionConfigurationPlatforms) = preSolution
		Debug|anycpu = Debug|anycpu
		Release|anycpu = Release|anycpu
	EndGlobalSection
	GlobalSection(ProjectConfigurationPlatforms) = postSolution
		{4417F9AA-B41F-4BAD-9FF8-C3A074C9BB35}.Debug|anycpu.ActiveCfg = Debug|anycpu
		{4417F9AA-B41F-4BAD-9FF8-C3A074C9BB35}.Debug|anycpu.Build.0 = Debug|anycpu
		{4417F9AA-B41F-4BAD-9FF8-C3A074C9BB35}.Release|anycpu.ActiveCfg = Release|anycpu
		{4417F9AA-B41F-4BAD-9FF8-C3A074C9BB35}.Release|anycpu.Build.0 = Release|anycpu
	EndGlobalSection
EndGlobal
